
Microsoft Visual Studio Solution File, Format Version 12.00
Project("{FAE04EC0-301F-11D3-BF4B-00C04F79EFBC}") = "JumpServer", "JumpServer\JumpServer.csproj", "{440A566C-A600-45B9-A998-1775CB660E92}"
EndProject
Project("{FAE04EC0-301F-11D3-BF4B-00C04F79EFBC}") = "JumpClient", "JumpClient\JumpClient.csproj", "{668D6162-270E-4BF1-BF97-EBBB3839C095}"
EndProject
Global
	GlobalSection(SolutionConfigurationPlatforms) = preSolution
		Debug|Any CPU = Debug|Any CPU
		Release|Any CPU = Release|Any CPU
	EndGlobalSection
	GlobalSection(ProjectConfigurationPlatforms) = postSolution
		{440A566C-A600-45B9-A998-1775CB660E92}.Debug|Any CPU.ActiveCfg = Debug|Any CPU
		{440A566C-A600-45B9-A998-1775CB660E92}.Debug|Any CPU.Build.0 = Debug|Any CPU
		{440A566C-A600-45B9-A998-1775CB660E92}.Release|Any CPU.ActiveCfg = Release|Any CPU
		{440A566C-A600-45B9-A998-1775CB660E92}.Release|Any CPU.Build.0 = Release|Any CPU
		{668D6162-270E-4BF1-BF97-EBBB3839C095}.Debug|Any CPU.ActiveCfg = Debug|Any CPU
		{668D6162-270E-4BF1-BF97-EBBB3839C095}.Debug|Any CPU.Build.0 = Debug|Any CPU
		{668D6162-270E-4BF1-BF97-EBBB3839C095}.Release|Any CPU.ActiveCfg = Release|Any CPU
		{668D6162-270E-4BF1-BF97-EBBB3839C095}.Release|Any CPU.Build.0 = Release|Any CPU
	EndGlobalSection
EndGlobal
